
Microsoft Visual Studio Solution File, Format Version 12.00
# Visual Studio Version 16
VisualStudioVersion = 16.0.31112.23
MinimumVisualStudioVersion = 10.0.40219.1
Project("{FAE04EC0-301F-11D3-BF4B-00C04F79EFBC}") = "Resume.Mongo.Data", "Resume.Mongo.Data.csproj", "{21A3235A-A2B5-4C90-8833-690BCC036A62}"
EndProject
Global
	GlobalSection(SolutionConfigurationPlatforms) = preSolution
		Debug|Any CPU = Debug|Any CPU
		Release|Any CPU = Release|Any CPU
	EndGlobalSection
	GlobalSection(ProjectConfigurationPlatforms) = postSolution
		{21A3235A-A2B5-4C90-8833-690BCC036A62}.Debug|Any CPU.ActiveCfg = Debug|Any CPU
		{21A3235A-A2B5-4C90-8833-690BCC036A62}.Debug|Any CPU.Build.0 = Debug|Any CPU
		{21A3235A-A2B5-4C90-8833-690BCC036A62}.Release|Any CPU.ActiveCfg = Release|Any CPU
		{21A3235A-A2B5-4C90-8833-690BCC036A62}.Release|Any CPU.Build.0 = Release|Any CPU
	EndGlobalSection
	GlobalSection(SolutionProperties) = preSolution
		HideSolutionNode = FALSE
	EndGlobalSection
	GlobalSection(ExtensibilityGlobals) = postSolution
		SolutionGuid = {F71CC4A1-B4E3-4E44-B265-53EDB942E318}
	EndGlobalSection
EndGlobal
